
Microsoft Visual Studio Solution File, Format Version 12.00
# Visual Studio Version 17
VisualStudioVersion = 17.7.34003.232
MinimumVisualStudioVersion = 10.0.40219.1
Project("{FAE04EC0-301F-11D3-BF4B-00C04F79EFBC}") = "Dolgozat_0325", "Dolgozat_0325\Dolgozat_0325.csproj", "{8445CFB4-7DD3-41F1-833A-956DCD303FA9}"
EndProject
Global
	GlobalSection(SolutionConfigurationPlatforms) = preSolution
		Debug|Any CPU = Debug|Any CPU
		Release|Any CPU = Release|Any CPU
	EndGlobalSection
	GlobalSection(ProjectConfigurationPlatforms) = postSolution
		{8445CFB4-7DD3-41F1-833A-956DCD303FA9}.Debug|Any CPU.ActiveCfg = Debug|Any CPU
		{8445CFB4-7DD3-41F1-833A-956DCD303FA9}.Debug|Any CPU.Build.0 = Debug|Any CPU
		{8445CFB4-7DD3-41F1-833A-956DCD303FA9}.Release|Any CPU.ActiveCfg = Release|Any CPU
		{8445CFB4-7DD3-41F1-833A-956DCD303FA9}.Release|Any CPU.Build.0 = Release|Any CPU
	EndGlobalSection
	GlobalSection(SolutionProperties) = preSolution
		HideSolutionNode = FALSE
	EndGlobalSection
	GlobalSection(ExtensibilityGlobals) = postSolution
		SolutionGuid = {11ECE5DF-385D-4DC7-83DA-7AD7E2E7A36A}
	EndGlobalSection
EndGlobal
